// !$*UTF8*$!
{
	archiveVersion = 1;
	classes = {
	};
	objectVersion = 48;
	objects = {

/* Begin PBXBuildFile section */
		CD5497D81FA33733002AEDE7 /* AppDelegate.m in Sources */ = {isa = PBXBuildFile; fileRef = CD5497D71FA33733002AEDE7 /* AppDelegate.m */; };
		CD5497DB1FA33733002AEDE7 /* ViewController.m in Sources */ = {isa = PBXBuildFile; fileRef = CD5497DA1FA33733002AEDE7 /* ViewController.m */; };
		CD5497DE1FA33733002AEDE7 /* Main.storyboard in Resources */ = {isa = PBXBuildFile; fileRef = CD5497DC1FA33733002AEDE7 /* Main.storyboard */; };
		CD5497E01FA33733002AEDE7 /* Assets.xcassets in Resources */ = {isa = PBXBuildFile; fileRef = CD5497DF1FA33733002AEDE7 /* Assets.xcassets */; };
		CD5497E31FA33733002AEDE7 /* LaunchScreen.storyboard in Resources */ = {isa = PBXBuildFile; fileRef = CD5497E11FA33733002AEDE7 /* LaunchScreen.storyboard */; };
		CD5497E61FA33733002AEDE7 /* main.m in Sources */ = {isa = PBXBuildFile; fileRef = CD5497E51FA33733002AEDE7 /* main.m */; };
		CD5497F51FA33746002AEDE7 /* AXTableKit.h in Headers */ = {isa = PBXBuildFile; fileRef = CD5497F31FA33746002AEDE7 /* AXTableKit.h */; settings = {ATTRIBUTES = (Public, ); }; };
		CD5497F81FA33746002AEDE7 /* AXTableKit.framework in Frameworks */ = {isa = PBXBuildFile; fileRef = CD5497F11FA33746002AEDE7 /* AXTableKit.framework */; };
		CD5497F91FA33746002AEDE7 /* AXTableKit.framework in Embed Frameworks */ = {isa = PBXBuildFile; fileRef = CD5497F11FA33746002AEDE7 /* AXTableKit.framework */; settings = {ATTRIBUTES = (CodeSignOnCopy, RemoveHeadersOnCopy, ); }; };
		CD5498001FA3378D002AEDE7 /* AXTableView.h in Headers */ = {isa = PBXBuildFile; fileRef = CD5497FE1FA3378D002AEDE7 /* AXTableView.h */; settings = {ATTRIBUTES = (Public, ); }; };
		CD5498011FA3378D002AEDE7 /* AXTableView.m in Sources */ = {isa = PBXBuildFile; fileRef = CD5497FF1FA3378D002AEDE7 /* AXTableView.m */; };
		CD5498041FA3379B002AEDE7 /* AXTableViewCell.h in Headers */ = {isa = PBXBuildFile; fileRef = CD5498021FA3379B002AEDE7 /* AXTableViewCell.h */; settings = {ATTRIBUTES = (Public, ); }; };
		CD5498051FA3379B002AEDE7 /* AXTableViewCell.m in Sources */ = {isa = PBXBuildFile; fileRef = CD5498031FA3379B002AEDE7 /* AXTableViewCell.m */; };
		CD5498081FA337A8002AEDE7 /* AXTableModel.h in Headers */ = {isa = PBXBuildFile; fileRef = CD5498061FA337A8002AEDE7 /* AXTableModel.h */; settings = {ATTRIBUTES = (Public, ); }; };
		CD5498091FA337A8002AEDE7 /* AXTableModel.m in Sources */ = {isa = PBXBuildFile; fileRef = CD5498071FA337A8002AEDE7 /* AXTableModel.m */; };
		CD7139131FA3571A005C5214 /* AXDefaultVC.h in Headers */ = {isa = PBXBuildFile; fileRef = CD7139111FA3571A005C5214 /* AXDefaultVC.h */; };
		CD7139141FA3571A005C5214 /* AXDefaultVC.m in Sources */ = {isa = PBXBuildFile; fileRef = CD7139121FA3571A005C5214 /* AXDefaultVC.m */; };
		CD7139161FA3575F005C5214 /* AXTableViewProtocol.h in Headers */ = {isa = PBXBuildFile; fileRef = CD7139151FA3575F005C5214 /* AXTableViewProtocol.h */; settings = {ATTRIBUTES = (Public, ); }; };
		CDDFA3961FB54A00004C99D5 /* MyTableView.json in Resources */ = {isa = PBXBuildFile; fileRef = CDDFA3951FB54A00004C99D5 /* MyTableView.json */; };
		CDDFA3991FB54B91004C99D5 /* MyTableView.m in Sources */ = {isa = PBXBuildFile; fileRef = CDDFA3981FB54B91004C99D5 /* MyTableView.m */; };
		CDDFA39D1FB559C3004C99D5 /* MyTableViewCell.m in Sources */ = {isa = PBXBuildFile; fileRef = CDDFA39B1FB559C3004C99D5 /* MyTableViewCell.m */; };
		CDDFA39E1FB559C3004C99D5 /* MyTableViewCell.xib in Resources */ = {isa = PBXBuildFile; fileRef = CDDFA39C1FB559C3004C99D5 /* MyTableViewCell.xib */; };
/* End PBXBuildFile section */

/* Begin PBXContainerItemProxy section */
		CD5497F61FA33746002AEDE7 /* PBXContainerItemProxy */ = {
			isa = PBXContainerItemProxy;
			containerPortal = CD5497CB1FA33733002AEDE7 /* Project object */;
			proxyType = 1;
			remoteGlobalIDString = CD5497F01FA33746002AEDE7;
			remoteInfo = AXTableKit;
		};
/* End PBXContainerItemProxy section */

/* Begin PBXCopyFilesBuildPhase section */
		CD5497FD1FA33746002AEDE7 /* Embed Frameworks */ = {
			isa = PBXCopyFilesBuildPhase;
			buildActionMask = 2147483647;
			dstPath = "";
			dstSubfolderSpec = 10;
			files = (
				CD5497F91FA33746002AEDE7 /* AXTableKit.framework in Embed Frameworks */,
			);
			name = "Embed Frameworks";
			runOnlyForDeploymentPostprocessing = 0;
		};
/* End PBXCopyFilesBuildPhase section */

/* Begin PBXFileReference section */
		CD5497D31FA33733002AEDE7 /* AXTableKitDemo.app */ = {isa = PBXFileReference; explicitFileType = wrapper.application; includeInIndex = 0; path = AXTableKitDemo.app; sourceTree = BUILT_PRODUCTS_DIR; };
		CD5497D61FA33733002AEDE7 /* AppDelegate.h */ = {isa = PBXFileReference; lastKnownFileType = sourcecode.c.h; path = AppDelegate.h; sourceTree = "<group>"; };
		CD5497D71FA33733002AEDE7 /* AppDelegate.m */ = {isa = PBXFileReference; lastKnownFileType = sourcecode.c.objc; path = AppDelegate.m; sourceTree = "<group>"; };
		CD5497D91FA33733002AEDE7 /* ViewController.h */ = {isa = PBXFileReference; lastKnownFileType = sourcecode.c.h; path = ViewController.h; sourceTree = "<group>"; };
		CD5497DA1FA33733002AEDE7 /* ViewController.m */ = {isa = PBXFileReference; lastKnownFileType = sourcecode.c.objc; path = ViewController.m; sourceTree = "<group>"; };
		CD5497DD1FA33733002AEDE7 /* Base */ = {isa = PBXFileReference; lastKnownFileType = file.storyboard; name = Base; path = Base.lproj/Main.storyboard; sourceTree = "<group>"; };
		CD5497DF1FA33733002AEDE7 /* Assets.xcassets */ = {isa = PBXFileReference; lastKnownFileType = folder.assetcatalog; path = Assets.xcassets; sourceTree = "<group>"; };
		CD5497E21FA33733002AEDE7 /* Base */ = {isa = PBXFileReference; lastKnownFileType = file.storyboard; name = Base; path = Base.lproj/LaunchScreen.storyboard; sourceTree = "<group>"; };
		CD5497E41FA33733002AEDE7 /* Info.plist */ = {isa = PBXFileReference; lastKnownFileType = text.plist.xml; path = Info.plist; sourceTree = "<group>"; };
		CD5497E51FA33733002AEDE7 /* main.m */ = {isa = PBXFileReference; lastKnownFileType = sourcecode.c.objc; path = main.m; sourceTree = "<group>"; };
		CD5497F11FA33746002AEDE7 /* AXTableKit.framework */ = {isa = PBXFileReference; explicitFileType = wrapper.framework; includeInIndex = 0; path = AXTableKit.framework; sourceTree = BUILT_PRODUCTS_DIR; };
		CD5497F31FA33746002AEDE7 /* AXTableKit.h */ = {isa = PBXFileReference; lastKnownFileType = sourcecode.c.h; path = AXTableKit.h; sourceTree = "<group>"; };
		CD5497F41FA33746002AEDE7 /* Info.plist */ = {isa = PBXFileReference; lastKnownFileType = text.plist.xml; path = Info.plist; sourceTree = "<group>"; };
		CD5497FE1FA3378D002AEDE7 /* AXTableView.h */ = {isa = PBXFileReference; lastKnownFileType = sourcecode.c.h; path = AXTableView.h; sourceTree = "<group>"; };
		CD5497FF1FA3378D002AEDE7 /* AXTableView.m */ = {isa = PBXFileReference; lastKnownFileType = sourcecode.c.objc; path = AXTableView.m; sourceTree = "<group>"; };
		CD5498021FA3379B002AEDE7 /* AXTableViewCell.h */ = {isa = PBXFileReference; lastKnownFileType = sourcecode.c.h; path = AXTableViewCell.h; sourceTree = "<group>"; };
		CD5498031FA3379B002AEDE7 /* AXTableViewCell.m */ = {isa = PBXFileReference; lastKnownFileType = sourcecode.c.objc; path = AXTableViewCell.m; sourceTree = "<group>"; };
		CD5498061FA337A8002AEDE7 /* AXTableModel.h */ = {isa = PBXFileReference; lastKnownFileType = sourcecode.c.h; path = AXTableModel.h; sourceTree = "<group>"; };
		CD5498071FA337A8002AEDE7 /* AXTableModel.m */ = {isa = PBXFileReference; lastKnownFileType = sourcecode.c.objc; path = AXTableModel.m; sourceTree = "<group>"; };
		CD7139111FA3571A005C5214 /* AXDefaultVC.h */ = {isa = PBXFileReference; lastKnownFileType = sourcecode.c.h; path = AXDefaultVC.h; sourceTree = "<group>"; };
		CD7139121FA3571A005C5214 /* AXDefaultVC.m */ = {isa = PBXFileReference; lastKnownFileType = sourcecode.c.objc; path = AXDefaultVC.m; sourceTree = "<group>"; };
		CD7139151FA3575F005C5214 /* AXTableViewProtocol.h */ = {isa = PBXFileReference; lastKnownFileType = sourcecode.c.h; path = AXTableViewProtocol.h; sourceTree = "<group>"; };
		CDDFA3951FB54A00004C99D5 /* MyTableView.json */ = {isa = PBXFileReference; fileEncoding = 4; lastKnownFileType = text.json; path = MyTableView.json; sourceTree = "<group>"; };
		CDDFA3971FB54B91004C99D5 /* MyTableView.h */ = {isa = PBXFileReference; lastKnownFileType = sourcecode.c.h; path = MyTableView.h; sourceTree = "<group>"; };
		CDDFA3981FB54B91004C99D5 /* MyTableView.m */ = {isa = PBXFileReference; lastKnownFileType = sourcecode.c.objc; path = MyTableView.m; sourceTree = "<group>"; };
		CDDFA39A1FB559C3004C99D5 /* MyTableViewCell.h */ = {isa = PBXFileReference; lastKnownFileType = sourcecode.c.h; path = MyTableViewCell.h; sourceTree = "<group>"; };
		CDDFA39B1FB559C3004C99D5 /* MyTableViewCell.m */ = {isa = PBXFileReference; lastKnownFileType = sourcecode.c.objc; path = MyTableViewCell.m; sourceTree = "<group>"; };
		CDDFA39C1FB559C3004C99D5 /* MyTableViewCell.xib */ = {isa = PBXFileReference; lastKnownFileType = file.xib; path = MyTableViewCell.xib; sourceTree = "<group>"; };
/* End PBXFileReference section */

/* Begin PBXFrameworksBuildPhase section */
		CD5497D01FA33733002AEDE7 /* Frameworks */ = {
			isa = PBXFrameworksBuildPhase;
			buildActionMask = 2147483647;
			files = (
				CD5497F81FA33746002AEDE7 /* AXTableKit.framework in Frameworks */,
			);
			runOnlyForDeploymentPostprocessing = 0;
		};
		CD5497ED1FA33746002AEDE7 /* Frameworks */ = {
			isa = PBXFrameworksBuildPhase;
			buildActionMask = 2147483647;
			files = (
			);
			runOnlyForDeploymentPostprocessing = 0;
		};
/* End PBXFrameworksBuildPhase section */

/* Begin PBXGroup section */
		CD5497CA1FA33733002AEDE7 = {
			isa = PBXGroup;
			children = (
				CD5497D51FA33733002AEDE7 /* AXTableKitDemo */,
				CD5497F21FA33746002AEDE7 /* AXTableKit */,
				CD5497D41FA33733002AEDE7 /* Products */,
			);
			sourceTree = "<group>";
		};
		CD5497D41FA33733002AEDE7 /* Products */ = {
			isa = PBXGroup;
			children = (
				CD5497D31FA33733002AEDE7 /* AXTableKitDemo.app */,
				CD5497F11FA33746002AEDE7 /* AXTableKit.framework */,
			);
			name = Products;
			sourceTree = "<group>";
		};
		CD5497D51FA33733002AEDE7 /* AXTableKitDemo */ = {
			isa = PBXGroup;
			children = (
				CD5497D61FA33733002AEDE7 /* AppDelegate.h */,
				CD5497D71FA33733002AEDE7 /* AppDelegate.m */,
				CD5497D91FA33733002AEDE7 /* ViewController.h */,
				CD5497DA1FA33733002AEDE7 /* ViewController.m */,
				CDDFA3971FB54B91004C99D5 /* MyTableView.h */,
				CDDFA3981FB54B91004C99D5 /* MyTableView.m */,
				CDDFA3951FB54A00004C99D5 /* MyTableView.json */,
				CDDFA39A1FB559C3004C99D5 /* MyTableViewCell.h */,
				CDDFA39B1FB559C3004C99D5 /* MyTableViewCell.m */,
				CDDFA39C1FB559C3004C99D5 /* MyTableViewCell.xib */,
				CD5497DC1FA33733002AEDE7 /* Main.storyboard */,
				CD5497DF1FA33733002AEDE7 /* Assets.xcassets */,
				CD5497E11FA33733002AEDE7 /* LaunchScreen.storyboard */,
				CD5497E41FA33733002AEDE7 /* Info.plist */,
				CD5497E51FA33733002AEDE7 /* main.m */,
			);
			path = AXTableKitDemo;
			sourceTree = "<group>";
		};
		CD5497F21FA33746002AEDE7 /* AXTableKit */ = {
			isa = PBXGroup;
			children = (
				CD5497F31FA33746002AEDE7 /* AXTableKit.h */,
				CD54980E1FA33829002AEDE7 /* Base */,
				CD5497F41FA33746002AEDE7 /* Info.plist */,
			);
			path = AXTableKit;
			sourceTree = "<group>";
		};
		CD54980E1FA33829002AEDE7 /* Base */ = {
			isa = PBXGroup;
			children = (
				CD7139151FA3575F005C5214 /* AXTableViewProtocol.h */,
				CD5497FE1FA3378D002AEDE7 /* AXTableView.h */,
				CD5497FF1FA3378D002AEDE7 /* AXTableView.m */,
				CD5498021FA3379B002AEDE7 /* AXTableViewCell.h */,
				CD5498031FA3379B002AEDE7 /* AXTableViewCell.m */,
				CD5498061FA337A8002AEDE7 /* AXTableModel.h */,
				CD5498071FA337A8002AEDE7 /* AXTableModel.m */,
				CD7139111FA3571A005C5214 /* AXDefaultVC.h */,
				CD7139121FA3571A005C5214 /* AXDefaultVC.m */,
			);
			path = Base;
			sourceTree = "<group>";
		};
/* End PBXGroup section */

/* Begin PBXHeadersBuildPhase section */
		CD5497EE1FA33746002AEDE7 /* Headers */ = {
			isa = PBXHeadersBuildPhase;
			buildActionMask = 2147483647;
			files = (
				CD5497F51FA33746002AEDE7 /* AXTableKit.h in Headers */,
				CD5498041FA3379B002AEDE7 /* AXTableViewCell.h in Headers */,
				CD5498081FA337A8002AEDE7 /* AXTableModel.h in Headers */,
				CD5498001FA3378D002AEDE7 /* AXTableView.h in Headers */,
				CD7139161FA3575F005C5214 /* AXTableViewProtocol.h in Headers */,
				CD7139131FA3571A005C5214 /* AXDefaultVC.h in Headers */,
			);
			runOnlyForDeploymentPostprocessing = 0;
		};
/* End PBXHeadersBuildPhase section */

/* Begin PBXNativeTarget section */
		CD5497D21FA33733002AEDE7 /* AXTableKitDemo */ = {
			isa = PBXNativeTarget;
			buildConfigurationList = CD5497E91FA33733002AEDE7 /* Build configuration list for PBXNativeTarget "AXTableKitDemo" */;
			buildPhases = (
				CD5497CF1FA33733002AEDE7 /* Sources */,
				CD5497D01FA33733002AEDE7 /* Frameworks */,
				CD5497D11FA33733002AEDE7 /* Resources */,
				CD5497FD1FA33746002AEDE7 /* Embed Frameworks */,
			);
			buildRules = (
			);
			dependencies = (
				CD5497F71FA33746002AEDE7 /* PBXTargetDependency */,
			);
			name = AXTableKitDemo;
			productName = AXTableKitDemo;
			productReference = CD5497D31FA33733002AEDE7 /* AXTableKitDemo.app */;
			productType = "com.apple.product-type.application";
		};
		CD5497F01FA33746002AEDE7 /* AXTableKit */ = {
			isa = PBXNativeTarget;
			buildConfigurationList = CD5497FA1FA33746002AEDE7 /* Build configuration list for PBXNativeTarget "AXTableKit" */;
			buildPhases = (
				CD5497EC1FA33746002AEDE7 /* Sources */,
				CD5497ED1FA33746002AEDE7 /* Frameworks */,
				CD5497EE1FA33746002AEDE7 /* Headers */,
				CD5497EF1FA33746002AEDE7 /* Resources */,
			);
			buildRules = (
			);
			dependencies = (
			);
			name = AXTableKit;
			productName = AXTableKit;
			productReference = CD5497F11FA33746002AEDE7 /* AXTableKit.framework */;
			productType = "com.apple.product-type.framework";
		};
/* End PBXNativeTarget section */

/* Begin PBXProject section */
		CD5497CB1FA33733002AEDE7 /* Project object */ = {
			isa = PBXProject;
			attributes = {
				LastUpgradeCheck = 0900;
				ORGANIZATIONNAME = xaoxuu;
				TargetAttributes = {
					CD5497D21FA33733002AEDE7 = {
						CreatedOnToolsVersion = 9.0.1;
						ProvisioningStyle = Automatic;
					};
					CD5497F01FA33746002AEDE7 = {
						CreatedOnToolsVersion = 9.0.1;
						ProvisioningStyle = Automatic;
					};
				};
			};
			buildConfigurationList = CD5497CE1FA33733002AEDE7 /* Build configuration list for PBXProject "AXTableKitDemo" */;
			compatibilityVersion = "Xcode 8.0";
			developmentRegion = en;
			hasScannedForEncodings = 0;
			knownRegions = (
				en,
				Base,
			);
			mainGroup = CD5497CA1FA33733002AEDE7;
			productRefGroup = CD5497D41FA33733002AEDE7 /* Products */;
			projectDirPath = "";
			projectRoot = "";
			targets = (
				CD5497D21FA33733002AEDE7 /* AXTableKitDemo */,
				CD5497F01FA33746002AEDE7 /* AXTableKit */,
			);
		};
/* End PBXProject section */

/* Begin PBXResourcesBuildPhase section */
		CD5497D11FA33733002AEDE7 /* Resources */ = {
			isa = PBXResourcesBuildPhase;
			buildActionMask = 2147483647;
			files = (
				CDDFA39E1FB559C3004C99D5 /* MyTableViewCell.xib in Resources */,
				CD5497E31FA33733002AEDE7 /* LaunchScreen.storyboard in Resources */,
				CD5497E01FA33733002AEDE7 /* Assets.xcassets in Resources */,
				CDDFA3961FB54A00004C99D5 /* MyTableView.json in Resources */,
				CD5497DE1FA33733002AEDE7 /* Main.storyboard in Resources */,
			);
			runOnlyForDeploymentPostprocessing = 0;
		};
		CD5497EF1FA33746002AEDE7 /* Resources */ = {
			isa = PBXResourcesBuildPhase;
			buildActionMask = 2147483647;
			files = (
			);
			runOnlyForDeploymentPostprocessing = 0;
		};
/* End PBXResourcesBuildPhase section */

/* Begin PBXSourcesBuildPhase section */
		CD5497CF1FA33733002AEDE7 /* Sources */ = {
			isa = PBXSourcesBuildPhase;
			buildActionMask = 2147483647;
			files = (
				CD5497DB1FA33733002AEDE7 /* ViewController.m in Sources */,
				CD5497E61FA33733002AEDE7 /* main.m in Sources */,
				CD5497D81FA33733002AEDE7 /* AppDelegate.m in Sources */,
				CDDFA3991FB54B91004C99D5 /* MyTableView.m in Sources */,
				CDDFA39D1FB559C3004C99D5 /* MyTableViewCell.m in Sources */,
			);
			runOnlyForDeploymentPostprocessing = 0;
		};
		CD5497EC1FA33746002AEDE7 /* Sources */ = {
			isa = PBXSourcesBuildPhase;
			buildActionMask = 2147483647;
			files = (
				CD5498051FA3379B002AEDE7 /* AXTableViewCell.m in Sources */,
				CD5498011FA3378D002AEDE7 /* AXTableView.m in Sources */,
				CD5498091FA337A8002AEDE7 /* AXTableModel.m in Sources */,
				CD7139141FA3571A005C5214 /* AXDefaultVC.m in Sources */,
			);
			runOnlyForDeploymentPostprocessing = 0;
		};
/* End PBXSourcesBuildPhase section */

/* Begin PBXTargetDependency section */
		CD5497F71FA33746002AEDE7 /* PBXTargetDependency */ = {
			isa = PBXTargetDependency;
			target = CD5497F01FA33746002AEDE7 /* AXTableKit */;
			targetProxy = CD5497F61FA33746002AEDE7 /* PBXContainerItemProxy */;
		};
/* End PBXTargetDependency section */

/* Begin PBXVariantGroup section */
		CD5497DC1FA33733002AEDE7 /* Main.storyboard */ = {
			isa = PBXVariantGroup;
			children = (
				CD5497DD1FA33733002AEDE7 /* Base */,
			);
			name = Main.storyboard;
			sourceTree = "<group>";
		};
		CD5497E11FA33733002AEDE7 /* LaunchScreen.storyboard */ = {
			isa = PBXVariantGroup;
			children = (
				CD5497E21FA33733002AEDE7 /* Base */,
			);
			name = LaunchScreen.storyboard;
			sourceTree = "<group>";
		};
/* End PBXVariantGroup section */

/* Begin XCBuildConfiguration section */
		CD5497E71FA33733002AEDE7 /* Debug */ = {
			isa = XCBuildConfiguration;
			buildSettings = {
				ALWAYS_SEARCH_USER_PATHS = NO;
				CLANG_ANALYZER_NONNULL = YES;
				CLANG_ANALYZER_NUMBER_OBJECT_CONVERSION = YES_AGGRESSIVE;
				CLANG_CXX_LANGUAGE_STANDARD = "gnu++14";
				CLANG_CXX_LIBRARY = "libc++";
				CLANG_ENABLE_MODULES = YES;
				CLANG_ENABLE_OBJC_ARC = YES;
				CLANG_WARN_BLOCK_CAPTURE_AUTORELEASING = YES;
				CLANG_WARN_BOOL_CONVERSION = YES;
				CLANG_WARN_COMMA = YES;
				CLANG_WARN_CONSTANT_CONVERSION = YES;
				CLANG_WARN_DIRECT_OBJC_ISA_USAGE = YES_ERROR;
				CLANG_WARN_DOCUMENTATION_COMMENTS = YES;
				CLANG_WARN_EMPTY_BODY = YES;
				CLANG_WARN_ENUM_CONVERSION = YES;
				CLANG_WARN_INFINITE_RECURSION = YES;
				CLANG_WARN_INT_CONVERSION = YES;
				CLANG_WARN_NON_LITERAL_NULL_CONVERSION = YES;
				CLANG_WARN_OBJC_LITERAL_CONVERSION = YES;
				CLANG_WARN_OBJC_ROOT_CLASS = YES_ERROR;
				CLANG_WARN_RANGE_LOOP_ANALYSIS = YES;
				CLANG_WARN_STRICT_PROTOTYPES = YES;
				CLANG_WARN_SUSPICIOUS_MOVE = YES;
				CLANG_WARN_UNGUARDED_AVAILABILITY = YES_AGGRESSIVE;
				CLANG_WARN_UNREACHABLE_CODE = YES;
				CLANG_WARN__DUPLICATE_METHOD_MATCH = YES;
				CODE_SIGN_IDENTITY = "iPhone Developer";
				COPY_PHASE_STRIP = NO;
				DEBUG_INFORMATION_FORMAT = dwarf;
				ENABLE_STRICT_OBJC_MSGSEND = YES;
				ENABLE_TESTABILITY = YES;
				GCC_C_LANGUAGE_STANDARD = gnu11;
				GCC_DYNAMIC_NO_PIC = NO;
				GCC_NO_COMMON_BLOCKS = YES;
				GCC_OPTIMIZATION_LEVEL = 0;
				GCC_PREPROCESSOR_DEFINITIONS = (
					"DEBUG=1",
					"$(inherited)",
				);
				GCC_WARN_64_TO_32_BIT_CONVERSION = YES;
				GCC_WARN_ABOUT_RETURN_TYPE = YES_ERROR;
				GCC_WARN_UNDECLARED_SELECTOR = YES;
				GCC_WARN_UNINITIALIZED_AUTOS = YES_AGGRESSIVE;
				GCC_WARN_UNUSED_FUNCTION = YES;
				GCC_WARN_UNUSED_VARIABLE = YES;
				IPHONEOS_DEPLOYMENT_TARGET = 8.0;
				MTL_ENABLE_DEBUG_INFO = YES;
				ONLY_ACTIVE_ARCH = YES;
				SDKROOT = iphoneos;
			};
			name = Debug;
		};
		CD5497E81FA33733002AEDE7 /* Release */ = {
			isa = XCBuildConfiguration;
			buildSettings = {
				ALWAYS_SEARCH_USER_PATHS = NO;
				CLANG_ANALYZER_NONNULL = YES;
				CLANG_ANALYZER_NUMBER_OBJECT_CONVERSION = YES_AGGRESSIVE;
				CLANG_CXX_LANGUAGE_STANDARD = "gnu++14";
				CLANG_CXX_LIBRARY = "libc++";
				CLANG_ENABLE_MODULES = YES;
				CLANG_ENABLE_OBJC_ARC = YES;
				CLANG_WARN_BLOCK_CAPTURE_AUTORELEASING = YES;
				CLANG_WARN_BOOL_CONVERSION = YES;
				CLANG_WARN_COMMA = YES;
				CLANG_WARN_CONSTANT_CONVERSION = YES;
				CLANG_WARN_DIRECT_OBJC_ISA_USAGE = YES_ERROR;
				CLANG_WARN_DOCUMENTATION_COMMENTS = YES;
				CLANG_WARN_EMPTY_BODY = YES;
				CLANG_WARN_ENUM_CONVERSION = YES;
				CLANG_WARN_INFINITE_RECURSION = YES;
				CLANG_WARN_INT_CONVERSION = YES;
				CLANG_WARN_NON_LITERAL_NULL_CONVERSION = YES;
				CLANG_WARN_OBJC_LITERAL_CONVERSION = YES;
				CLANG_WARN_OBJC_ROOT_CLASS = YES_ERROR;
				CLANG_WARN_RANGE_LOOP_ANALYSIS = YES;
				CLANG_WARN_STRICT_PROTOTYPES = YES;
				CLANG_WARN_SUSPICIOUS_MOVE = YES;
				CLANG_WARN_UNGUARDED_AVAILABILITY = YES_AGGRESSIVE;
				CLANG_WARN_UNREACHABLE_CODE = YES;
				CLANG_WARN__DUPLICATE_METHOD_MATCH = YES;
				CODE_SIGN_IDENTITY = "iPhone Developer";
				COPY_PHASE_STRIP = NO;
				DEBUG_INFORMATION_FORMAT = "dwarf-with-dsym";
				ENABLE_NS_ASSERTIONS = NO;
				ENABLE_STRICT_OBJC_MSGSEND = YES;
				GCC_C_LANGUAGE_STANDARD = gnu11;
				GCC_NO_COMMON_BLOCKS = YES;
				GCC_WARN_64_TO_32_BIT_CONVERSION = YES;
				GCC_WARN_ABOUT_RETURN_TYPE = YES_ERROR;
				GCC_WARN_UNDECLARED_SELECTOR = YES;
				GCC_WARN_UNINITIALIZED_AUTOS = YES_AGGRESSIVE;
				GCC_WARN_UNUSED_FUNCTION = YES;
				GCC_WARN_UNUSED_VARIABLE = YES;
				IPHONEOS_DEPLOYMENT_TARGET = 8.0;
				MTL_ENABLE_DEBUG_INFO = NO;
				SDKROOT = iphoneos;
				VALIDATE_PRODUCT = YES;
			};
			name = Release;
		};
		CD5497EA1FA33733002AEDE7 /* Debug */ = {
			isa = XCBuildConfiguration;
			buildSettings = {
				ASSETCATALOG_COMPILER_APPICON_NAME = AppIcon;
				CODE_SIGN_STYLE = Automatic;
				DEVELOPMENT_TEAM = 6C36HX8DP4;
				INFOPLIST_FILE = AXTableKitDemo/Info.plist;
				LD_RUNPATH_SEARCH_PATHS = "$(inherited) @executable_path/Frameworks";
				PRODUCT_BUNDLE_IDENTIFIER = com.xaoxuu.AXTableKitDemo;
				PRODUCT_NAME = "$(TARGET_NAME)";
				TARGETED_DEVICE_FAMILY = "1,2";
			};
			name = Debug;
		};
		CD5497EB1FA33733002AEDE7 /* Release */ = {
			isa = XCBuildConfiguration;
			buildSettings = {
				ASSETCATALOG_COMPILER_APPICON_NAME = AppIcon;
				CODE_SIGN_STYLE = Automatic;
				DEVELOPMENT_TEAM = 6C36HX8DP4;
				INFOPLIST_FILE = AXTableKitDemo/Info.plist;
				LD_RUNPATH_SEARCH_PATHS = "$(inherited) @executable_path/Frameworks";
				PRODUCT_BUNDLE_IDENTIFIER = com.xaoxuu.AXTableKitDemo;
				PRODUCT_NAME = "$(TARGET_NAME)";
				TARGETED_DEVICE_FAMILY = "1,2";
			};
			name = Release;
		};
		CD5497FB1FA33746002AEDE7 /* Debug */ = {
			isa = XCBuildConfiguration;
			buildSettings = {
				CODE_SIGN_IDENTITY = "";
				CODE_SIGN_STYLE = Automatic;
				CURRENT_PROJECT_VERSION = 1;
				DEFINES_MODULE = YES;
				DEVELOPMENT_TEAM = 6C36HX8DP4;
				DYLIB_COMPATIBILITY_VERSION = 1;
				DYLIB_CURRENT_VERSION = 1;
				DYLIB_INSTALL_NAME_BASE = "@rpath";
				INFOPLIST_FILE = AXTableKit/Info.plist;
				INSTALL_PATH = "$(LOCAL_LIBRARY_DIR)/Frameworks";
				LD_RUNPATH_SEARCH_PATHS = "$(inherited) @executable_path/Frameworks @loader_path/Frameworks";
				PRODUCT_BUNDLE_IDENTIFIER = com.xaoxuu.AXTableKit;
				PRODUCT_NAME = "$(TARGET_NAME:c99extidentifier)";
				SKIP_INSTALL = YES;
				TARGETED_DEVICE_FAMILY = "1,2";
				VERSIONING_SYSTEM = "apple-generic";
				VERSION_INFO_PREFIX = "";
			};
			name = Debug;
		};
		CD5497FC1FA33746002AEDE7 /* Release */ = {
			isa = XCBuildConfiguration;
			buildSettings = {
				CODE_SIGN_IDENTITY = "";
				CODE_SIGN_STYLE = Automatic;
				CURRENT_PROJECT_VERSION = 1;
				DEFINES_MODULE = YES;
				DEVELOPMENT_TEAM = 6C36HX8DP4;
				DYLIB_COMPATIBILITY_VERSION = 1;
				DYLIB_CURRENT_VERSION = 1;
				DYLIB_INSTALL_NAME_BASE = "@rpath";
				INFOPLIST_FILE = AXTableKit/Info.plist;
				INSTALL_PATH = "$(LOCAL_LIBRARY_DIR)/Frameworks";
				LD_RUNPATH_SEARCH_PATHS = "$(inherited) @executable_path/Frameworks @loader_path/Frameworks";
				PRODUCT_BUNDLE_IDENTIFIER = com.xaoxuu.AXTableKit;
				PRODUCT_NAME = "$(TARGET_NAME:c99extidentifier)";
				SKIP_INSTALL = YES;
				TARGETED_DEVICE_FAMILY = "1,2";
				VERSIONING_SYSTEM = "apple-generic";
				VERSION_INFO_PREFIX = "";
			};
			name = Release;
		};
/* End XCBuildConfiguration section */

/* Begin XCConfigurationList section */
		CD5497CE1FA33733002AEDE7 /* Build configuration list for PBXProject "AXTableKitDemo" */ = {
			isa = XCConfigurationList;
			buildConfigurations = (
				CD5497E71FA33733002AEDE7 /* Debug */,
				CD5497E81FA33733002AEDE7 /* Release */,
			);
			defaultConfigurationIsVisible = 0;
			defaultConfigurationName = Release;
		};
		CD5497E91FA33733002AEDE7 /* Build configuration list for PBXNativeTarget "AXTableKitDemo" */ = {
			isa = XCConfigurationList;
			buildConfigurations = (
				CD5497EA1FA33733002AEDE7 /* Debug */,
				CD5497EB1FA33733002AEDE7 /* Release */,
			);
			defaultConfigurationIsVisible = 0;
			defaultConfigurationName = Release;
		};
		CD5497FA1FA33746002AEDE7 /* Build configuration list for PBXNativeTarget "AXTableKit" */ = {
			isa = XCConfigurationList;
			buildConfigurations = (
				CD5497FB1FA33746002AEDE7 /* Debug */,
				CD5497FC1FA33746002AEDE7 /* Release */,
			);
			defaultConfigurationIsVisible = 0;
			defaultConfigurationName = Release;
		};
/* End XCConfigurationList section */
	};
	rootObject = CD5497CB1FA33733002AEDE7 /* Project object */;
}
