// !$*UTF8*$!
{
	archiveVersion = 1;
	classes = {
	};
	objectVersion = 50;
	objects = {

/* Begin PBXBuildFile section */
		CD4166EB20BCF25E005CFD10 /* AppDelegate.m in Sources */ = {isa = PBXBuildFile; fileRef = CD4166EA20BCF25E005CFD10 /* AppDelegate.m */; };
		CD4166EE20BCF25E005CFD10 /* ViewController.m in Sources */ = {isa = PBXBuildFile; fileRef = CD4166ED20BCF25E005CFD10 /* ViewController.m */; };
		CD4166F120BCF25E005CFD10 /* Main.storyboard in Resources */ = {isa = PBXBuildFile; fileRef = CD4166EF20BCF25E005CFD10 /* Main.storyboard */; };
		CD4166F320BCF25F005CFD10 /* Assets.xcassets in Resources */ = {isa = PBXBuildFile; fileRef = CD4166F220BCF25F005CFD10 /* Assets.xcassets */; };
		CD4166F620BCF25F005CFD10 /* LaunchScreen.storyboard in Resources */ = {isa = PBXBuildFile; fileRef = CD4166F420BCF25F005CFD10 /* LaunchScreen.storyboard */; };
		CD4166F920BCF25F005CFD10 /* main.m in Sources */ = {isa = PBXBuildFile; fileRef = CD4166F820BCF25F005CFD10 /* main.m */; };
		CD4167A220BCFAB2005CFD10 /* AXTableModel.m in Sources */ = {isa = PBXBuildFile; fileRef = CD41679C20BCFAB2005CFD10 /* AXTableModel.m */; };
		CD4167A320BCFAB2005CFD10 /* AXTableView.m in Sources */ = {isa = PBXBuildFile; fileRef = CD41679F20BCFAB2005CFD10 /* AXTableView.m */; };
		CD4167A420BCFAB2005CFD10 /* AXTableViewCell.m in Sources */ = {isa = PBXBuildFile; fileRef = CD4167A120BCFAB2005CFD10 /* AXTableViewCell.m */; };
/* End PBXBuildFile section */

/* Begin PBXFileReference section */
		CD4166E620BCF25D005CFD10 /* AXTableKit.app */ = {isa = PBXFileReference; explicitFileType = wrapper.application; includeInIndex = 0; path = AXTableKit.app; sourceTree = BUILT_PRODUCTS_DIR; };
		CD4166E920BCF25E005CFD10 /* AppDelegate.h */ = {isa = PBXFileReference; lastKnownFileType = sourcecode.c.h; path = AppDelegate.h; sourceTree = "<group>"; };
		CD4166EA20BCF25E005CFD10 /* AppDelegate.m */ = {isa = PBXFileReference; lastKnownFileType = sourcecode.c.objc; path = AppDelegate.m; sourceTree = "<group>"; };
		CD4166EC20BCF25E005CFD10 /* ViewController.h */ = {isa = PBXFileReference; lastKnownFileType = sourcecode.c.h; path = ViewController.h; sourceTree = "<group>"; };
		CD4166ED20BCF25E005CFD10 /* ViewController.m */ = {isa = PBXFileReference; lastKnownFileType = sourcecode.c.objc; path = ViewController.m; sourceTree = "<group>"; };
		CD4166F020BCF25E005CFD10 /* Base */ = {isa = PBXFileReference; lastKnownFileType = file.storyboard; name = Base; path = Base.lproj/Main.storyboard; sourceTree = "<group>"; };
		CD4166F220BCF25F005CFD10 /* Assets.xcassets */ = {isa = PBXFileReference; lastKnownFileType = folder.assetcatalog; path = Assets.xcassets; sourceTree = "<group>"; };
		CD4166F520BCF25F005CFD10 /* Base */ = {isa = PBXFileReference; lastKnownFileType = file.storyboard; name = Base; path = Base.lproj/LaunchScreen.storyboard; sourceTree = "<group>"; };
		CD4166F720BCF25F005CFD10 /* Info.plist */ = {isa = PBXFileReference; lastKnownFileType = text.plist.xml; path = Info.plist; sourceTree = "<group>"; };
		CD4166F820BCF25F005CFD10 /* main.m */ = {isa = PBXFileReference; lastKnownFileType = sourcecode.c.objc; path = main.m; sourceTree = "<group>"; };
		CD41679B20BCFAB2005CFD10 /* AXTableKit.h */ = {isa = PBXFileReference; fileEncoding = 4; lastKnownFileType = sourcecode.c.h; path = AXTableKit.h; sourceTree = "<group>"; };
		CD41679C20BCFAB2005CFD10 /* AXTableModel.m */ = {isa = PBXFileReference; fileEncoding = 4; lastKnownFileType = sourcecode.c.objc; path = AXTableModel.m; sourceTree = "<group>"; };
		CD41679D20BCFAB2005CFD10 /* AXTableView.h */ = {isa = PBXFileReference; fileEncoding = 4; lastKnownFileType = sourcecode.c.h; path = AXTableView.h; sourceTree = "<group>"; };
		CD41679E20BCFAB2005CFD10 /* AXTableViewCell.h */ = {isa = PBXFileReference; fileEncoding = 4; lastKnownFileType = sourcecode.c.h; path = AXTableViewCell.h; sourceTree = "<group>"; };
		CD41679F20BCFAB2005CFD10 /* AXTableView.m */ = {isa = PBXFileReference; fileEncoding = 4; lastKnownFileType = sourcecode.c.objc; path = AXTableView.m; sourceTree = "<group>"; };
		CD4167A020BCFAB2005CFD10 /* AXTableModel.h */ = {isa = PBXFileReference; fileEncoding = 4; lastKnownFileType = sourcecode.c.h; path = AXTableModel.h; sourceTree = "<group>"; };
		CD4167A120BCFAB2005CFD10 /* AXTableViewCell.m */ = {isa = PBXFileReference; fileEncoding = 4; lastKnownFileType = sourcecode.c.objc; path = AXTableViewCell.m; sourceTree = "<group>"; };
/* End PBXFileReference section */

/* Begin PBXFrameworksBuildPhase section */
		CD4166E320BCF25D005CFD10 /* Frameworks */ = {
			isa = PBXFrameworksBuildPhase;
			buildActionMask = 2147483647;
			files = (
			);
			runOnlyForDeploymentPostprocessing = 0;
		};
/* End PBXFrameworksBuildPhase section */

/* Begin PBXGroup section */
		CD4166DD20BCF25D005CFD10 = {
			isa = PBXGroup;
			children = (
				CD4166E820BCF25E005CFD10 /* AXTableKit */,
				CD4166E720BCF25D005CFD10 /* Products */,
			);
			sourceTree = "<group>";
		};
		CD4166E720BCF25D005CFD10 /* Products */ = {
			isa = PBXGroup;
			children = (
				CD4166E620BCF25D005CFD10 /* AXTableKit.app */,
			);
			name = Products;
			sourceTree = "<group>";
		};
		CD4166E820BCF25E005CFD10 /* AXTableKit */ = {
			isa = PBXGroup;
			children = (
				CD41679A20BCFAB2005CFD10 /* AXTableKit */,
				CD4166E920BCF25E005CFD10 /* AppDelegate.h */,
				CD4166EA20BCF25E005CFD10 /* AppDelegate.m */,
				CD4166EC20BCF25E005CFD10 /* ViewController.h */,
				CD4166ED20BCF25E005CFD10 /* ViewController.m */,
				CD4166EF20BCF25E005CFD10 /* Main.storyboard */,
				CD4166F220BCF25F005CFD10 /* Assets.xcassets */,
				CD4166F420BCF25F005CFD10 /* LaunchScreen.storyboard */,
				CD4166F720BCF25F005CFD10 /* Info.plist */,
				CD4166F820BCF25F005CFD10 /* main.m */,
			);
			path = AXTableKit;
			sourceTree = "<group>";
		};
		CD41679A20BCFAB2005CFD10 /* AXTableKit */ = {
			isa = PBXGroup;
			children = (
				CD41679B20BCFAB2005CFD10 /* AXTableKit.h */,
				CD41679D20BCFAB2005CFD10 /* AXTableView.h */,
				CD41679F20BCFAB2005CFD10 /* AXTableView.m */,
				CD4167A020BCFAB2005CFD10 /* AXTableModel.h */,
				CD41679C20BCFAB2005CFD10 /* AXTableModel.m */,
				CD41679E20BCFAB2005CFD10 /* AXTableViewCell.h */,
				CD4167A120BCFAB2005CFD10 /* AXTableViewCell.m */,
			);
			path = AXTableKit;
			sourceTree = "<group>";
		};
/* End PBXGroup section */

/* Begin PBXNativeTarget section */
		CD4166E520BCF25D005CFD10 /* AXTableKit */ = {
			isa = PBXNativeTarget;
			buildConfigurationList = CD4166FC20BCF25F005CFD10 /* Build configuration list for PBXNativeTarget "AXTableKit" */;
			buildPhases = (
				CD4166E220BCF25D005CFD10 /* Sources */,
				CD4166E320BCF25D005CFD10 /* Frameworks */,
				CD4166E420BCF25D005CFD10 /* Resources */,
			);
			buildRules = (
			);
			dependencies = (
			);
			name = AXTableKit;
			productName = AXTableKit;
			productReference = CD4166E620BCF25D005CFD10 /* AXTableKit.app */;
			productType = "com.apple.product-type.application";
		};
/* End PBXNativeTarget section */

/* Begin PBXProject section */
		CD4166DE20BCF25D005CFD10 /* Project object */ = {
			isa = PBXProject;
			attributes = {
				LastUpgradeCheck = 0930;
				ORGANIZATIONNAME = "Titan Studio";
				TargetAttributes = {
					CD4166E520BCF25D005CFD10 = {
						CreatedOnToolsVersion = 9.3;
					};
				};
			};
			buildConfigurationList = CD4166E120BCF25D005CFD10 /* Build configuration list for PBXProject "AXTableKit" */;
			compatibilityVersion = "Xcode 9.3";
			developmentRegion = en;
			hasScannedForEncodings = 0;
			knownRegions = (
				en,
				Base,
			);
			mainGroup = CD4166DD20BCF25D005CFD10;
			productRefGroup = CD4166E720BCF25D005CFD10 /* Products */;
			projectDirPath = "";
			projectRoot = "";
			targets = (
				CD4166E520BCF25D005CFD10 /* AXTableKit */,
			);
		};
/* End PBXProject section */

/* Begin PBXResourcesBuildPhase section */
		CD4166E420BCF25D005CFD10 /* Resources */ = {
			isa = PBXResourcesBuildPhase;
			buildActionMask = 2147483647;
			files = (
				CD4166F620BCF25F005CFD10 /* LaunchScreen.storyboard in Resources */,
				CD4166F320BCF25F005CFD10 /* Assets.xcassets in Resources */,
				CD4166F120BCF25E005CFD10 /* Main.storyboard in Resources */,
			);
			runOnlyForDeploymentPostprocessing = 0;
		};
/* End PBXResourcesBuildPhase section */

/* Begin PBXSourcesBuildPhase section */
		CD4166E220BCF25D005CFD10 /* Sources */ = {
			isa = PBXSourcesBuildPhase;
			buildActionMask = 2147483647;
			files = (
				CD4166EE20BCF25E005CFD10 /* ViewController.m in Sources */,
				CD4166F920BCF25F005CFD10 /* main.m in Sources */,
				CD4166EB20BCF25E005CFD10 /* AppDelegate.m in Sources */,
				CD4167A320BCFAB2005CFD10 /* AXTableView.m in Sources */,
				CD4167A420BCFAB2005CFD10 /* AXTableViewCell.m in Sources */,
				CD4167A220BCFAB2005CFD10 /* AXTableModel.m in Sources */,
			);
			runOnlyForDeploymentPostprocessing = 0;
		};
/* End PBXSourcesBuildPhase section */

/* Begin PBXVariantGroup section */
		CD4166EF20BCF25E005CFD10 /* Main.storyboard */ = {
			isa = PBXVariantGroup;
			children = (
				CD4166F020BCF25E005CFD10 /* Base */,
			);
			name = Main.storyboard;
			sourceTree = "<group>";
		};
		CD4166F420BCF25F005CFD10 /* LaunchScreen.storyboard */ = {
			isa = PBXVariantGroup;
			children = (
				CD4166F520BCF25F005CFD10 /* Base */,
			);
			name = LaunchScreen.storyboard;
			sourceTree = "<group>";
		};
/* End PBXVariantGroup section */

/* Begin XCBuildConfiguration section */
		CD4166FA20BCF25F005CFD10 /* Debug */ = {
			isa = XCBuildConfiguration;
			buildSettings = {
				ALWAYS_SEARCH_USER_PATHS = NO;
				CLANG_ANALYZER_NONNULL = YES;
				CLANG_ANALYZER_NUMBER_OBJECT_CONVERSION = YES_AGGRESSIVE;
				CLANG_CXX_LANGUAGE_STANDARD = "gnu++14";
				CLANG_CXX_LIBRARY = "libc++";
				CLANG_ENABLE_MODULES = YES;
				CLANG_ENABLE_OBJC_ARC = YES;
				CLANG_ENABLE_OBJC_WEAK = YES;
				CLANG_WARN_BLOCK_CAPTURE_AUTORELEASING = YES;
				CLANG_WARN_BOOL_CONVERSION = YES;
				CLANG_WARN_COMMA = YES;
				CLANG_WARN_CONSTANT_CONVERSION = YES;
				CLANG_WARN_DEPRECATED_OBJC_IMPLEMENTATIONS = YES;
				CLANG_WARN_DIRECT_OBJC_ISA_USAGE = YES_ERROR;
				CLANG_WARN_DOCUMENTATION_COMMENTS = YES;
				CLANG_WARN_EMPTY_BODY = YES;
				CLANG_WARN_ENUM_CONVERSION = YES;
				CLANG_WARN_INFINITE_RECURSION = YES;
				CLANG_WARN_INT_CONVERSION = YES;
				CLANG_WARN_NON_LITERAL_NULL_CONVERSION = YES;
				CLANG_WARN_OBJC_IMPLICIT_RETAIN_SELF = YES;
				CLANG_WARN_OBJC_LITERAL_CONVERSION = YES;
				CLANG_WARN_OBJC_ROOT_CLASS = YES_ERROR;
				CLANG_WARN_RANGE_LOOP_ANALYSIS = YES;
				CLANG_WARN_STRICT_PROTOTYPES = YES;
				CLANG_WARN_SUSPICIOUS_MOVE = YES;
				CLANG_WARN_UNGUARDED_AVAILABILITY = YES_AGGRESSIVE;
				CLANG_WARN_UNREACHABLE_CODE = YES;
				CLANG_WARN__DUPLICATE_METHOD_MATCH = YES;
				CODE_SIGN_IDENTITY = "iPhone Developer";
				COPY_PHASE_STRIP = NO;
				DEBUG_INFORMATION_FORMAT = dwarf;
				ENABLE_STRICT_OBJC_MSGSEND = YES;
				ENABLE_TESTABILITY = YES;
				GCC_C_LANGUAGE_STANDARD = gnu11;
				GCC_DYNAMIC_NO_PIC = NO;
				GCC_NO_COMMON_BLOCKS = YES;
				GCC_OPTIMIZATION_LEVEL = 0;
				GCC_PREPROCESSOR_DEFINITIONS = (
					"DEBUG=1",
					"$(inherited)",
				);
				GCC_WARN_64_TO_32_BIT_CONVERSION = YES;
				GCC_WARN_ABOUT_RETURN_TYPE = YES_ERROR;
				GCC_WARN_UNDECLARED_SELECTOR = YES;
				GCC_WARN_UNINITIALIZED_AUTOS = YES_AGGRESSIVE;
				GCC_WARN_UNUSED_FUNCTION = YES;
				GCC_WARN_UNUSED_VARIABLE = YES;
				IPHONEOS_DEPLOYMENT_TARGET = 8.0;
				MTL_ENABLE_DEBUG_INFO = YES;
				ONLY_ACTIVE_ARCH = YES;
				SDKROOT = iphoneos;
			};
			name = Debug;
		};
		CD4166FB20BCF25F005CFD10 /* Release */ = {
			isa = XCBuildConfiguration;
			buildSettings = {
				ALWAYS_SEARCH_USER_PATHS = NO;
				CLANG_ANALYZER_NONNULL = YES;
				CLANG_ANALYZER_NUMBER_OBJECT_CONVERSION = YES_AGGRESSIVE;
				CLANG_CXX_LANGUAGE_STANDARD = "gnu++14";
				CLANG_CXX_LIBRARY = "libc++";
				CLANG_ENABLE_MODULES = YES;
				CLANG_ENABLE_OBJC_ARC = YES;
				CLANG_ENABLE_OBJC_WEAK = YES;
				CLANG_WARN_BLOCK_CAPTURE_AUTORELEASING = YES;
				CLANG_WARN_BOOL_CONVERSION = YES;
				CLANG_WARN_COMMA = YES;
				CLANG_WARN_CONSTANT_CONVERSION = YES;
				CLANG_WARN_DEPRECATED_OBJC_IMPLEMENTATIONS = YES;
				CLANG_WARN_DIRECT_OBJC_ISA_USAGE = YES_ERROR;
				CLANG_WARN_DOCUMENTATION_COMMENTS = YES;
				CLANG_WARN_EMPTY_BODY = YES;
				CLANG_WARN_ENUM_CONVERSION = YES;
				CLANG_WARN_INFINITE_RECURSION = YES;
				CLANG_WARN_INT_CONVERSION = YES;
				CLANG_WARN_NON_LITERAL_NULL_CONVERSION = YES;
				CLANG_WARN_OBJC_IMPLICIT_RETAIN_SELF = YES;
				CLANG_WARN_OBJC_LITERAL_CONVERSION = YES;
				CLANG_WARN_OBJC_ROOT_CLASS = YES_ERROR;
				CLANG_WARN_RANGE_LOOP_ANALYSIS = YES;
				CLANG_WARN_STRICT_PROTOTYPES = YES;
				CLANG_WARN_SUSPICIOUS_MOVE = YES;
				CLANG_WARN_UNGUARDED_AVAILABILITY = YES_AGGRESSIVE;
				CLANG_WARN_UNREACHABLE_CODE = YES;
				CLANG_WARN__DUPLICATE_METHOD_MATCH = YES;
				CODE_SIGN_IDENTITY = "iPhone Developer";
				COPY_PHASE_STRIP = NO;
				DEBUG_INFORMATION_FORMAT = "dwarf-with-dsym";
				ENABLE_NS_ASSERTIONS = NO;
				ENABLE_STRICT_OBJC_MSGSEND = YES;
				GCC_C_LANGUAGE_STANDARD = gnu11;
				GCC_NO_COMMON_BLOCKS = YES;
				GCC_WARN_64_TO_32_BIT_CONVERSION = YES;
				GCC_WARN_ABOUT_RETURN_TYPE = YES_ERROR;
				GCC_WARN_UNDECLARED_SELECTOR = YES;
				GCC_WARN_UNINITIALIZED_AUTOS = YES_AGGRESSIVE;
				GCC_WARN_UNUSED_FUNCTION = YES;
				GCC_WARN_UNUSED_VARIABLE = YES;
				IPHONEOS_DEPLOYMENT_TARGET = 8.0;
				MTL_ENABLE_DEBUG_INFO = NO;
				SDKROOT = iphoneos;
				VALIDATE_PRODUCT = YES;
			};
			name = Release;
		};
		CD4166FD20BCF25F005CFD10 /* Debug */ = {
			isa = XCBuildConfiguration;
			buildSettings = {
				ASSETCATALOG_COMPILER_APPICON_NAME = AppIcon;
				CODE_SIGN_STYLE = Manual;
				DEVELOPMENT_TEAM = 34W5TB5KD2;
				INFOPLIST_FILE = AXTableKit/Info.plist;
				LD_RUNPATH_SEARCH_PATHS = (
					"$(inherited)",
					"@executable_path/Frameworks",
				);
				PRODUCT_BUNDLE_IDENTIFIER = com.xaoxuu.AXTableKit;
				PRODUCT_NAME = "$(TARGET_NAME)";
				PROVISIONING_PROFILE = "b3cc7f2e-794b-4893-9a3d-07eec01e9330";
				PROVISIONING_PROFILE_SPECIFIER = "Dev All";
				TARGETED_DEVICE_FAMILY = "1,2";
			};
			name = Debug;
		};
		CD4166FE20BCF25F005CFD10 /* Release */ = {
			isa = XCBuildConfiguration;
			buildSettings = {
				ASSETCATALOG_COMPILER_APPICON_NAME = AppIcon;
				CODE_SIGN_STYLE = Manual;
				DEVELOPMENT_TEAM = 34W5TB5KD2;
				INFOPLIST_FILE = AXTableKit/Info.plist;
				LD_RUNPATH_SEARCH_PATHS = (
					"$(inherited)",
					"@executable_path/Frameworks",
				);
				PRODUCT_BUNDLE_IDENTIFIER = com.xaoxuu.AXTableKit;
				PRODUCT_NAME = "$(TARGET_NAME)";
				PROVISIONING_PROFILE = "b3cc7f2e-794b-4893-9a3d-07eec01e9330";
				PROVISIONING_PROFILE_SPECIFIER = "Dev All";
				TARGETED_DEVICE_FAMILY = "1,2";
			};
			name = Release;
		};
/* End XCBuildConfiguration section */

/* Begin XCConfigurationList section */
		CD4166E120BCF25D005CFD10 /* Build configuration list for PBXProject "AXTableKit" */ = {
			isa = XCConfigurationList;
			buildConfigurations = (
				CD4166FA20BCF25F005CFD10 /* Debug */,
				CD4166FB20BCF25F005CFD10 /* Release */,
			);
			defaultConfigurationIsVisible = 0;
			defaultConfigurationName = Release;
		};
		CD4166FC20BCF25F005CFD10 /* Build configuration list for PBXNativeTarget "AXTableKit" */ = {
			isa = XCConfigurationList;
			buildConfigurations = (
				CD4166FD20BCF25F005CFD10 /* Debug */,
				CD4166FE20BCF25F005CFD10 /* Release */,
			);
			defaultConfigurationIsVisible = 0;
			defaultConfigurationName = Release;
		};
/* End XCConfigurationList section */
	};
	rootObject = CD4166DE20BCF25D005CFD10 /* Project object */;
}
